
Microsoft Visual Studio Solution File, Format Version 12.00
# Visual Studio 15
VisualStudioVersion = 15.0.27130.2036
MinimumVisualStudioVersion = 10.0.40219.1
Project("{FAE04EC0-301F-11D3-BF4B-00C04F79EFBC}") = "MerchantFees", "MerchantFees\MerchantFees.csproj", "{35586468-FFBB-4617-A60A-7ECA53AD5582}"
EndProject
Project("{FAE04EC0-301F-11D3-BF4B-00C04F79EFBC}") = "MerchantFees.Unit.Tests", "MerchantFees.Unit.Tests\MerchantFees.Unit.Tests.csproj", "{9AF6C069-A485-458D-B694-C9567B702689}"
EndProject
Global
	GlobalSection(SolutionConfigurationPlatforms) = preSolution
		Debug|Any CPU = Debug|Any CPU
		Release|Any CPU = Release|Any CPU
	EndGlobalSection
	GlobalSection(ProjectConfigurationPlatforms) = postSolution
		{35586468-FFBB-4617-A60A-7ECA53AD5582}.Debug|Any CPU.ActiveCfg = Debug|Any CPU
		{35586468-FFBB-4617-A60A-7ECA53AD5582}.Debug|Any CPU.Build.0 = Debug|Any CPU
		{35586468-FFBB-4617-A60A-7ECA53AD5582}.Release|Any CPU.ActiveCfg = Release|Any CPU
		{35586468-FFBB-4617-A60A-7ECA53AD5582}.Release|Any CPU.Build.0 = Release|Any CPU
		{9AF6C069-A485-458D-B694-C9567B702689}.Debug|Any CPU.ActiveCfg = Debug|Any CPU
		{9AF6C069-A485-458D-B694-C9567B702689}.Debug|Any CPU.Build.0 = Debug|Any CPU
		{9AF6C069-A485-458D-B694-C9567B702689}.Release|Any CPU.ActiveCfg = Release|Any CPU
		{9AF6C069-A485-458D-B694-C9567B702689}.Release|Any CPU.Build.0 = Release|Any CPU
	EndGlobalSection
	GlobalSection(SolutionProperties) = preSolution
		HideSolutionNode = FALSE
	EndGlobalSection
	GlobalSection(ExtensibilityGlobals) = postSolution
		SolutionGuid = {EA19D922-BAE6-4DD1-919D-A27609D223A9}
	EndGlobalSection
EndGlobal
